
Microsoft Visual Studio Solution File, Format Version 12.00
# Visual Studio 14
VisualStudioVersion = 14.0.25123.0
MinimumVisualStudioVersion = 10.0.40219.1
Project("{FAE04EC0-301F-11D3-BF4B-00C04F79EFBC}") = "Types.Hexadecimal.Net461", "Types.Hexadecimal.Net461\Types.Hexadecimal.Net461.csproj", "{479180A8-2CCF-476C-A487-C375BF5C8668}"
EndProject
Project("{D954291E-2A0B-460D-934E-DC6B0785DB48}") = "Types.Hexadecimal", "Types.Hexadecimal\Types.Hexadecimal.shproj", "{99479ED8-4B33-4FCA-9AAA-BBD0BB131CB3}"
EndProject
Project("{FAE04EC0-301F-11D3-BF4B-00C04F79EFBC}") = "Types.Hexadecimal.Net46", "Types.Hexadecimal.Net46\Types.Hexadecimal.Net46.csproj", "{45193AC6-6FFF-49EF-A3D7-A1E26D96709C}"
EndProject
Project("{FAE04EC0-301F-11D3-BF4B-00C04F79EFBC}") = "Types.Hexadecimal.Net45", "Types.Hexadecimal.Net45\Types.Hexadecimal.Net45.csproj", "{DBDB1CB5-4293-44DB-8D2D-01C9622D8C1A}"
EndProject
Project("{FAE04EC0-301F-11D3-BF4B-00C04F79EFBC}") = "Types.Hexadecimal.Net40", "Types.Hexadecimal.Net40\Types.Hexadecimal.Net40.csproj", "{DD25D35B-CDFC-46D9-AEF1-FD47AF1F9749}"
EndProject
Global
	GlobalSection(SharedMSBuildProjectFiles) = preSolution
		Types.Hexadecimal\Types.Hexadecimal.projitems*{45193ac6-6fff-49ef-a3d7-a1e26d96709c}*SharedItemsImports = 4
		Types.Hexadecimal\Types.Hexadecimal.projitems*{dbdb1cb5-4293-44db-8d2d-01c9622d8c1a}*SharedItemsImports = 4
		Types.Hexadecimal\Types.Hexadecimal.projitems*{479180a8-2ccf-476c-a487-c375bf5c8668}*SharedItemsImports = 4
		Types.Hexadecimal\Types.Hexadecimal.projitems*{dd25d35b-cdfc-46d9-aef1-fd47af1f9749}*SharedItemsImports = 4
		Types.Hexadecimal\Types.Hexadecimal.projitems*{99479ed8-4b33-4fca-9aaa-bbd0bb131cb3}*SharedItemsImports = 13
	EndGlobalSection
	GlobalSection(SolutionConfigurationPlatforms) = preSolution
		Debug|Any CPU = Debug|Any CPU
		Release|Any CPU = Release|Any CPU
	EndGlobalSection
	GlobalSection(ProjectConfigurationPlatforms) = postSolution
		{479180A8-2CCF-476C-A487-C375BF5C8668}.Debug|Any CPU.ActiveCfg = Debug|Any CPU
		{479180A8-2CCF-476C-A487-C375BF5C8668}.Debug|Any CPU.Build.0 = Debug|Any CPU
		{479180A8-2CCF-476C-A487-C375BF5C8668}.Release|Any CPU.ActiveCfg = Release|Any CPU
		{479180A8-2CCF-476C-A487-C375BF5C8668}.Release|Any CPU.Build.0 = Release|Any CPU
		{45193AC6-6FFF-49EF-A3D7-A1E26D96709C}.Debug|Any CPU.ActiveCfg = Debug|Any CPU
		{45193AC6-6FFF-49EF-A3D7-A1E26D96709C}.Debug|Any CPU.Build.0 = Debug|Any CPU
		{45193AC6-6FFF-49EF-A3D7-A1E26D96709C}.Release|Any CPU.ActiveCfg = Release|Any CPU
		{45193AC6-6FFF-49EF-A3D7-A1E26D96709C}.Release|Any CPU.Build.0 = Release|Any CPU
		{DBDB1CB5-4293-44DB-8D2D-01C9622D8C1A}.Debug|Any CPU.ActiveCfg = Debug|Any CPU
		{DBDB1CB5-4293-44DB-8D2D-01C9622D8C1A}.Debug|Any CPU.Build.0 = Debug|Any CPU
		{DBDB1CB5-4293-44DB-8D2D-01C9622D8C1A}.Release|Any CPU.ActiveCfg = Release|Any CPU
		{DBDB1CB5-4293-44DB-8D2D-01C9622D8C1A}.Release|Any CPU.Build.0 = Release|Any CPU
		{DD25D35B-CDFC-46D9-AEF1-FD47AF1F9749}.Debug|Any CPU.ActiveCfg = Debug|Any CPU
		{DD25D35B-CDFC-46D9-AEF1-FD47AF1F9749}.Debug|Any CPU.Build.0 = Debug|Any CPU
		{DD25D35B-CDFC-46D9-AEF1-FD47AF1F9749}.Release|Any CPU.ActiveCfg = Release|Any CPU
		{DD25D35B-CDFC-46D9-AEF1-FD47AF1F9749}.Release|Any CPU.Build.0 = Release|Any CPU
	EndGlobalSection
	GlobalSection(SolutionProperties) = preSolution
		HideSolutionNode = FALSE
	EndGlobalSection
EndGlobal
